
Microsoft Visual Studio Solution File, Format Version 12.00
# Visual Studio Version 17
VisualStudioVersion = 17.12.35514.174
MinimumVisualStudioVersion = 10.0.40219.1
Project("{FAE04EC0-301F-11D3-BF4B-00C04F79EFBC}") = "AutoTurn.Api", "AutoTurn.Api\AutoTurn.Api.csproj", "{D13FB5D6-466C-4567-A50B-7D783FEFD61B}"
EndProject
Project("{FAE04EC0-301F-11D3-BF4B-00C04F79EFBC}") = "AutoTurn.Models", "AutoTurn.Models\AutoTurn.Models.csproj", "{102543B8-0E3D-4A93-A2A6-BDCDFCFFCBDA}"
EndProject
Project("{FAE04EC0-301F-11D3-BF4B-00C04F79EFBC}") = "AutoTurn.Application", "AutoTurn.Application\AutoTurn.Application.csproj", "{B75B4177-801F-4F76-968B-475615315F49}"
EndProject
Project("{FAE04EC0-301F-11D3-BF4B-00C04F79EFBC}") = "AutoTurn.Infrustructure", "AutoTurn.Infrustructure\AutoTurn.Infrustructure.csproj", "{AC8F1F1A-5E98-448C-B6D7-142F258D307D}"
EndProject
Project("{FAE04EC0-301F-11D3-BF4B-00C04F79EFBC}") = "AutoTurn.Contracts", "AutoTurn.Contracts\AutoTurn.Contracts.csproj", "{6996DE07-EC3C-4422-B948-D13E458A48AD}"
EndProject
Global
	GlobalSection(SolutionConfigurationPlatforms) = preSolution
		Debug|Any CPU = Debug|Any CPU
		Release|Any CPU = Release|Any CPU
	EndGlobalSection
	GlobalSection(ProjectConfigurationPlatforms) = postSolution
		{D13FB5D6-466C-4567-A50B-7D783FEFD61B}.Debug|Any CPU.ActiveCfg = Debug|Any CPU
		{D13FB5D6-466C-4567-A50B-7D783FEFD61B}.Debug|Any CPU.Build.0 = Debug|Any CPU
		{D13FB5D6-466C-4567-A50B-7D783FEFD61B}.Release|Any CPU.ActiveCfg = Release|Any CPU
		{D13FB5D6-466C-4567-A50B-7D783FEFD61B}.Release|Any CPU.Build.0 = Release|Any CPU
		{102543B8-0E3D-4A93-A2A6-BDCDFCFFCBDA}.Debug|Any CPU.ActiveCfg = Debug|Any CPU
		{102543B8-0E3D-4A93-A2A6-BDCDFCFFCBDA}.Debug|Any CPU.Build.0 = Debug|Any CPU
		{102543B8-0E3D-4A93-A2A6-BDCDFCFFCBDA}.Release|Any CPU.ActiveCfg = Release|Any CPU
		{102543B8-0E3D-4A93-A2A6-BDCDFCFFCBDA}.Release|Any CPU.Build.0 = Release|Any CPU
		{B75B4177-801F-4F76-968B-475615315F49}.Debug|Any CPU.ActiveCfg = Debug|Any CPU
		{B75B4177-801F-4F76-968B-475615315F49}.Debug|Any CPU.Build.0 = Debug|Any CPU
		{B75B4177-801F-4F76-968B-475615315F49}.Release|Any CPU.ActiveCfg = Release|Any CPU
		{B75B4177-801F-4F76-968B-475615315F49}.Release|Any CPU.Build.0 = Release|Any CPU
		{AC8F1F1A-5E98-448C-B6D7-142F258D307D}.Debug|Any CPU.ActiveCfg = Debug|Any CPU
		{AC8F1F1A-5E98-448C-B6D7-142F258D307D}.Debug|Any CPU.Build.0 = Debug|Any CPU
		{AC8F1F1A-5E98-448C-B6D7-142F258D307D}.Release|Any CPU.ActiveCfg = Release|Any CPU
		{AC8F1F1A-5E98-448C-B6D7-142F258D307D}.Release|Any CPU.Build.0 = Release|Any CPU
		{6996DE07-EC3C-4422-B948-D13E458A48AD}.Debug|Any CPU.ActiveCfg = Debug|Any CPU
		{6996DE07-EC3C-4422-B948-D13E458A48AD}.Debug|Any CPU.Build.0 = Debug|Any CPU
		{6996DE07-EC3C-4422-B948-D13E458A48AD}.Release|Any CPU.ActiveCfg = Release|Any CPU
		{6996DE07-EC3C-4422-B948-D13E458A48AD}.Release|Any CPU.Build.0 = Release|Any CPU
	EndGlobalSection
	GlobalSection(SolutionProperties) = preSolution
		HideSolutionNode = FALSE
	EndGlobalSection
EndGlobal
